
Microsoft Visual Studio Solution File, Format Version 12.00
# Visual Studio Version 17
VisualStudioVersion = 17.5.33424.131
MinimumVisualStudioVersion = 10.0.40219.1
Project("{FAE04EC0-301F-11D3-BF4B-00C04F79EFBC}") = "pdftotext", "pdftotext\pdftotext.csproj", "{BD283EB8-CA9F-44C6-83D3-C4FEBC7D25E9}"
EndProject
Global
	GlobalSection(SolutionConfigurationPlatforms) = preSolution
		Debug|Any CPU = Debug|Any CPU
		Release|Any CPU = Release|Any CPU
	EndGlobalSection
	GlobalSection(ProjectConfigurationPlatforms) = postSolution
		{BD283EB8-CA9F-44C6-83D3-C4FEBC7D25E9}.Debug|Any CPU.ActiveCfg = Debug|Any CPU
		{BD283EB8-CA9F-44C6-83D3-C4FEBC7D25E9}.Debug|Any CPU.Build.0 = Debug|Any CPU
		{BD283EB8-CA9F-44C6-83D3-C4FEBC7D25E9}.Release|Any CPU.ActiveCfg = Release|Any CPU
		{BD283EB8-CA9F-44C6-83D3-C4FEBC7D25E9}.Release|Any CPU.Build.0 = Release|Any CPU
	EndGlobalSection
	GlobalSection(SolutionProperties) = preSolution
		HideSolutionNode = FALSE
	EndGlobalSection
	GlobalSection(ExtensibilityGlobals) = postSolution
		SolutionGuid = {739AA7DB-889F-4DD9-986F-E19A4024B22E}
	EndGlobalSection
EndGlobal
